# This file is @generated by PDM.
# It is not intended for manual editing.

[metadata]
groups = ["default"]
strategy = ["cross_platform", "inherit_metadata"]
lock_version = "4.4.2"
content_hash = "sha256:4b4c4751d6d546427f09f6c508a3a807e538117b1652853543af362e2f8d5b7a"

[[package]]
name = "asgiref"
version = "3.8.1"
requires_python = ">=3.8"
summary = "ASGI specs, helper code, and adapters"
groups = ["default"]
dependencies = [
    "typing-extensions>=4; python_version < \"3.11\"",
]
files = [
    {file = "asgiref-3.8.1-py3-none-any.whl", hash = "sha256:3e1e3ecc849832fe52ccf2cb6686b7a55f82bb1d6aee72a58826471390335e47"},
    {file = "asgiref-3.8.1.tar.gz", hash = "sha256:c343bd80a0bec947a9860adb4c432ffa7db769836c64238fc34bdc3fec84d590"},
]

[[package]]
name = "attrs"
version = "23.2.0"
requires_python = ">=3.7"
summary = "Classes Without Boilerplate"
groups = ["default"]
files = [
    {file = "attrs-23.2.0-py3-none-any.whl", hash = "sha256:99b87a485a5820b23b879f04c2305b44b951b502fd64be915879d77a7e8fc6f1"},
    {file = "attrs-23.2.0.tar.gz", hash = "sha256:935dc3b529c262f6cf76e50877d35a4bd3c1de194fd41f47a2b7ae8f19971f30"},
]

[[package]]
name = "blinker"
version = "1.8.2"
requires_python = ">=3.8"
summary = "Fast, simple object-to-object and broadcast signaling"
groups = ["default"]
files = [
    {file = "blinker-1.8.2-py3-none-any.whl", hash = "sha256:1779309f71bf239144b9399d06ae925637cf6634cf6bd131104184531bf67c01"},
    {file = "blinker-1.8.2.tar.gz", hash = "sha256:8f77b09d3bf7c795e969e9486f39c2c5e9c39d4ee07424be2bc594ece9642d83"},
]

[[package]]
name = "certifi"
version = "2024.7.4"
requires_python = ">=3.6"
summary = "Python package for providing Mozilla's CA Bundle."
groups = ["default"]
files = [
    {file = "certifi-2024.7.4-py3-none-any.whl", hash = "sha256:c198e21b1289c2ab85ee4e67bb4b4ef3ead0892059901a8d5b622f24a1101e90"},
    {file = "certifi-2024.7.4.tar.gz", hash = "sha256:5a1e7645bc0ec61a09e26c36f6106dd4cf40c6db3a1fb6352b0244e7fb057c7b"},
]

[[package]]
name = "cffi"
version = "1.16.0"
requires_python = ">=3.8"
summary = "Foreign Function Interface for Python calling C code."
groups = ["default"]
marker = "platform_python_implementation != \"PyPy\""
dependencies = [
    "pycparser",
]
files = [
    {file = "cffi-1.16.0-cp310-cp310-macosx_10_9_x86_64.whl", hash = "sha256:6b3d6606d369fc1da4fd8c357d026317fbb9c9b75d36dc16e90e84c26854b088"},
    {file = "cffi-1.16.0-cp310-cp310-macosx_11_0_arm64.whl", hash = "sha256:ac0f5edd2360eea2f1daa9e26a41db02dd4b0451b48f7c318e217ee092a213e9"},
    {file = "cffi-1.16.0-cp310-cp310-manylinux_2_12_i686.manylinux2010_i686.manylinux_2_17_i686.manylinux2014_i686.whl", hash = "sha256:7e61e3e4fa664a8588aa25c883eab612a188c725755afff6289454d6362b9673"},
    {file = "cffi-1.16.0-cp310-cp310-manylinux_2_17_aarch64.manylinux2014_aarch64.whl", hash = "sha256:a72e8961a86d19bdb45851d8f1f08b041ea37d2bd8d4fd19903bc3083d80c896"},
    {file = "cffi-1.16.0-cp310-cp310-manylinux_2_17_ppc64le.manylinux2014_ppc64le.whl", hash = "sha256:5b50bf3f55561dac5438f8e70bfcdfd74543fd60df5fa5f62d94e5867deca684"},
    {file = "cffi-1.16.0-cp310-cp310-manylinux_2_17_s390x.manylinux2014_s390x.whl", hash = "sha256:7651c50c8c5ef7bdb41108b7b8c5a83013bfaa8a935590c5d74627c047a583c7"},
    {file = "cffi-1.16.0-cp310-cp310-manylinux_2_17_x86_64.manylinux2014_x86_64.whl", hash = "sha256:e4108df7fe9b707191e55f33efbcb2d81928e10cea45527879a4749cbe472614"},
    {file = "cffi-1.16.0-cp310-cp310-musllinux_1_1_i686.whl", hash = "sha256:32c68ef735dbe5857c810328cb2481e24722a59a2003018885514d4c09af9743"},
    {file = "cffi-1.16.0-cp310-cp310-musllinux_1_1_x86_64.whl", hash = "sha256:673739cb539f8cdaa07d92d02efa93c9ccf87e345b9a0b556e3ecc666718468d"},
    {file = "cffi-1.16.0-cp310-cp310-win32.whl", hash = "sha256:9f90389693731ff1f659e55c7d1640e2ec43ff725cc61b04b2f9c6d8d017df6a"},
    {file = "cffi-1.16.0-cp310-cp310-win_amd64.whl", hash = "sha256:e6024675e67af929088fda399b2094574609396b1decb609c55fa58b028a32a1"},
    {file = "cffi-1.16.0.tar.gz", hash = "sha256:bcb3ef43e58665bbda2fb198698fcae6776483e0c4a631aa5647806c25e02cc0"},
]

[[package]]
name = "charset-normalizer"
version = "3.3.2"
requires_python = ">=3.7.0"
summary = "The Real First Universal Charset Detector. Open, modern and actively maintained alternative to Chardet."
groups = ["default"]
files = [
    {file = "charset-normalizer-3.3.2.tar.gz", hash = "sha256:f30c3cb33b24454a82faecaf01b19c18562b1e89558fb6c56de4d9118a032fd5"},
    {file = "charset_normalizer-3.3.2-cp310-cp310-macosx_10_9_universal2.whl", hash = "sha256:25baf083bf6f6b341f4121c2f3c548875ee6f5339300e08be3f2b2ba1721cdd3"},
    {file = "charset_normalizer-3.3.2-cp310-cp310-macosx_10_9_x86_64.whl", hash = "sha256:06435b539f889b1f6f4ac1758871aae42dc3a8c0e24ac9e60c2384973ad73027"},
    {file = "charset_normalizer-3.3.2-cp310-cp310-macosx_11_0_arm64.whl", hash = "sha256:9063e24fdb1e498ab71cb7419e24622516c4a04476b17a2dab57e8baa30d6e03"},
    {file = "charset_normalizer-3.3.2-cp310-cp310-manylinux_2_17_aarch64.manylinux2014_aarch64.whl", hash = "sha256:6897af51655e3691ff853668779c7bad41579facacf5fd7253b0133308cf000d"},
    {file = "charset_normalizer-3.3.2-cp310-cp310-manylinux_2_17_ppc64le.manylinux2014_ppc64le.whl", hash = "sha256:1d3193f4a680c64b4b6a9115943538edb896edc190f0b222e73761716519268e"},
    {file = "charset_normalizer-3.3.2-cp310-cp310-manylinux_2_17_s390x.manylinux2014_s390x.whl", hash = "sha256:cd70574b12bb8a4d2aaa0094515df2463cb429d8536cfb6c7ce983246983e5a6"},
    {file = "charset_normalizer-3.3.2-cp310-cp310-manylinux_2_17_x86_64.manylinux2014_x86_64.whl", hash = "sha256:8465322196c8b4d7ab6d1e049e4c5cb460d0394da4a27d23cc242fbf0034b6b5"},
    {file = "charset_normalizer-3.3.2-cp310-cp310-manylinux_2_5_i686.manylinux1_i686.manylinux_2_17_i686.manylinux2014_i686.whl", hash = "sha256:a9a8e9031d613fd2009c182b69c7b2c1ef8239a0efb1df3f7c8da66d5dd3d537"},
    {file = "charset_normalizer-3.3.2-cp310-cp310-musllinux_1_1_aarch64.whl", hash = "sha256:beb58fe5cdb101e3a055192ac291b7a21e3b7ef4f67fa1d74e331a7f2124341c"},
    {file = "charset_normalizer-3.3.2-cp310-cp310-musllinux_1_1_i686.whl", hash = "sha256:e06ed3eb3218bc64786f7db41917d4e686cc4856944f53d5bdf83a6884432e12"},
    {file = "charset_normalizer-3.3.2-cp310-cp310-musllinux_1_1_ppc64le.whl", hash = "sha256:2e81c7b9c8979ce92ed306c249d46894776a909505d8f5a4ba55b14206e3222f"},
    {file = "charset_normalizer-3.3.2-cp310-cp310-musllinux_1_1_s390x.whl", hash = "sha256:572c3763a264ba47b3cf708a44ce965d98555f618ca42c926a9c1616d8f34269"},
    {file = "charset_normalizer-3.3.2-cp310-cp310-musllinux_1_1_x86_64.whl", hash = "sha256:fd1abc0d89e30cc4e02e4064dc67fcc51bd941eb395c502aac3ec19fab46b519"},
    {file = "charset_normalizer-3.3.2-cp310-cp310-win32.whl", hash = "sha256:3d47fa203a7bd9c5b6cee4736ee84ca03b8ef23193c0d1ca99b5089f72645c73"},
    {file = "charset_normalizer-3.3.2-cp310-cp310-win_amd64.whl", hash = "sha256:10955842570876604d404661fbccbc9c7e684caf432c09c715ec38fbae45ae09"},
    {file = "charset_normalizer-3.3.2-py3-none-any.whl", hash = "sha256:3e4d1f6587322d2788836a99c69062fbb091331ec940e02d12d179c1d53e25fc"},
]

[[package]]
name = "click"
version = "8.1.7"
requires_python = ">=3.7"
summary = "Composable command line interface toolkit"
groups = ["default"]
dependencies = [
    "colorama; platform_system == \"Windows\"",
]
files = [
    {file = "click-8.1.7-py3-none-any.whl", hash = "sha256:ae74fb96c20a0277a1d615f1e4d73c8414f5a98db8b799a7931d1582f3390c28"},
    {file = "click-8.1.7.tar.gz", hash = "sha256:ca9853ad459e787e2192211578cc907e7594e294c7ccc834310722b41b9ca6de"},
]

[[package]]
name = "colorama"
version = "0.4.6"
requires_python = "!=3.0.*,!=3.1.*,!=3.2.*,!=3.3.*,!=3.4.*,!=3.5.*,!=3.6.*,>=2.7"
summary = "Cross-platform colored terminal text."
groups = ["default"]
marker = "platform_system == \"Windows\""
files = [
    {file = "colorama-0.4.6-py2.py3-none-any.whl", hash = "sha256:4f1d9991f5acc0ca119f9d443620b77f9d6b33703e51011c16baf57afb285fc6"},
    {file = "colorama-0.4.6.tar.gz", hash = "sha256:08695f5cb7ed6e0531a20572697297273c47b8cae5a63ffc6d6ed5c201be6e44"},
]

[[package]]
name = "cryptography"
version = "42.0.8"
requires_python = ">=3.7"
summary = "cryptography is a package which provides cryptographic recipes and primitives to Python developers."
groups = ["default"]
dependencies = [
    "cffi>=1.12; platform_python_implementation != \"PyPy\"",
]
files = [
    {file = "cryptography-42.0.8-cp37-abi3-macosx_10_12_universal2.whl", hash = "sha256:81d8a521705787afe7a18d5bfb47ea9d9cc068206270aad0b96a725022e18d2e"},
    {file = "cryptography-42.0.8-cp37-abi3-macosx_10_12_x86_64.whl", hash = "sha256:961e61cefdcb06e0c6d7e3a1b22ebe8b996eb2bf50614e89384be54c48c6b63d"},
    {file = "cryptography-42.0.8-cp37-abi3-manylinux_2_17_aarch64.manylinux2014_aarch64.whl", hash = "sha256:e3ec3672626e1b9e55afd0df6d774ff0e953452886e06e0f1eb7eb0c832e8902"},
    {file = "cryptography-42.0.8-cp37-abi3-manylinux_2_17_x86_64.manylinux2014_x86_64.whl", hash = "sha256:e599b53fd95357d92304510fb7bda8523ed1f79ca98dce2f43c115950aa78801"},
    {file = "cryptography-42.0.8-cp37-abi3-manylinux_2_28_aarch64.whl", hash = "sha256:5226d5d21ab681f432a9c1cf8b658c0cb02533eece706b155e5fbd8a0cdd3949"},
    {file = "cryptography-42.0.8-cp37-abi3-manylinux_2_28_x86_64.whl", hash = "sha256:6b7c4f03ce01afd3b76cf69a5455caa9cfa3de8c8f493e0d3ab7d20611c8dae9"},
    {file = "cryptography-42.0.8-cp37-abi3-musllinux_1_1_aarch64.whl", hash = "sha256:2346b911eb349ab547076f47f2e035fc8ff2c02380a7cbbf8d87114fa0f1c583"},
    {file = "cryptography-42.0.8-cp37-abi3-musllinux_1_1_x86_64.whl", hash = "sha256:ad803773e9df0b92e0a817d22fd8a3675493f690b96130a5e24f1b8fabbea9c7"},
    {file = "cryptography-42.0.8-cp37-abi3-musllinux_1_2_aarch64.whl", hash = "sha256:2f66d9cd9147ee495a8374a45ca445819f8929a3efcd2e3df6428e46c3cbb10b"},
    {file = "cryptography-42.0.8-cp37-abi3-musllinux_1_2_x86_64.whl", hash = "sha256:d45b940883a03e19e944456a558b67a41160e367a719833c53de6911cabba2b7"},
    {file = "cryptography-42.0.8-cp37-abi3-win32.whl", hash = "sha256:a0c5b2b0585b6af82d7e385f55a8bc568abff8923af147ee3c07bd8b42cda8b2"},
    {file = "cryptography-42.0.8-cp37-abi3-win_amd64.whl", hash = "sha256:57080dee41209e556a9a4ce60d229244f7a66ef52750f813bfbe18959770cfba"},
    {file = "cryptography-42.0.8-cp39-abi3-macosx_10_12_universal2.whl", hash = "sha256:dea567d1b0e8bc5764b9443858b673b734100c2871dc93163f58c46a97a83d28"},
    {file = "cryptography-42.0.8-cp39-abi3-manylinux_2_17_aarch64.manylinux2014_aarch64.whl", hash = "sha256:c4783183f7cb757b73b2ae9aed6599b96338eb957233c58ca8f49a49cc32fd5e"},
    {file = "cryptography-42.0.8-cp39-abi3-manylinux_2_17_x86_64.manylinux2014_x86_64.whl", hash = "sha256:a0608251135d0e03111152e41f0cc2392d1e74e35703960d4190b2e0f4ca9c70"},
    {file = "cryptography-42.0.8-cp39-abi3-manylinux_2_28_aarch64.whl", hash = "sha256:dc0fdf6787f37b1c6b08e6dfc892d9d068b5bdb671198c72072828b80bd5fe4c"},
    {file = "cryptography-42.0.8-cp39-abi3-manylinux_2_28_x86_64.whl", hash = "sha256:9c0c1716c8447ee7dbf08d6db2e5c41c688544c61074b54fc4564196f55c25a7"},
    {file = "cryptography-42.0.8-cp39-abi3-musllinux_1_1_aarch64.whl", hash = "sha256:fff12c88a672ab9c9c1cf7b0c80e3ad9e2ebd9d828d955c126be4fd3e5578c9e"},
    {file = "cryptography-42.0.8-cp39-abi3-musllinux_1_1_x86_64.whl", hash = "sha256:cafb92b2bc622cd1aa6a1dce4b93307792633f4c5fe1f46c6b97cf67073ec961"},
    {file = "cryptography-42.0.8-cp39-abi3-musllinux_1_2_aarch64.whl", hash = "sha256:31f721658a29331f895a5a54e7e82075554ccfb8b163a18719d342f5ffe5ecb1"},
    {file = "cryptography-42.0.8-cp39-abi3-musllinux_1_2_x86_64.whl", hash = "sha256:b297f90c5723d04bcc8265fc2a0f86d4ea2e0f7ab4b6994459548d3a6b992a14"},
    {file = "cryptography-42.0.8-cp39-abi3-win32.whl", hash = "sha256:2f88d197e66c65be5e42cd72e5c18afbfae3f741742070e3019ac8f4ac57262c"},
    {file = "cryptography-42.0.8-cp39-abi3-win_amd64.whl", hash = "sha256:fa76fbb7596cc5839320000cdd5d0955313696d9511debab7ee7278fc8b5c84a"},
    {file = "cryptography-42.0.8-pp310-pypy310_pp73-macosx_10_12_x86_64.whl", hash = "sha256:ba4f0a211697362e89ad822e667d8d340b4d8d55fae72cdd619389fb5912eefe"},
    {file = "cryptography-42.0.8-pp310-pypy310_pp73-manylinux_2_28_aarch64.whl", hash = "sha256:81884c4d096c272f00aeb1f11cf62ccd39763581645b0812e99a91505fa48e0c"},
    {file = "cryptography-42.0.8-pp310-pypy310_pp73-manylinux_2_28_x86_64.whl", hash = "sha256:c9bb2ae11bfbab395bdd072985abde58ea9860ed84e59dbc0463a5d0159f5b71"},
    {file = "cryptography-42.0.8-pp310-pypy310_pp73-win_amd64.whl", hash = "sha256:7016f837e15b0a1c119d27ecd89b3515f01f90a8615ed5e9427e30d9cdbfed3d"},
    {file = "cryptography-42.0.8-pp39-pypy39_pp73-macosx_10_12_x86_64.whl", hash = "sha256:5a94eccb2a81a309806027e1670a358b99b8fe8bfe9f8d329f27d72c094dde8c"},
    {file = "cryptography-42.0.8-pp39-pypy39_pp73-manylinux_2_28_aarch64.whl", hash = "sha256:dec9b018df185f08483f294cae6ccac29e7a6e0678996587363dc352dc65c842"},
    {file = "cryptography-42.0.8-pp39-pypy39_pp73-manylinux_2_28_x86_64.whl", hash = "sha256:343728aac38decfdeecf55ecab3264b015be68fc2816ca800db649607aeee648"},
    {file = "cryptography-42.0.8-pp39-pypy39_pp73-win_amd64.whl", hash = "sha256:013629ae70b40af70c9a7a5db40abe5d9054e6f4380e50ce769947b73bf3caad"},
    {file = "cryptography-42.0.8.tar.gz", hash = "sha256:8d09d05439ce7baa8e9e95b07ec5b6c886f548deb7e0f69ef25f64b3bce842f2"},
]

[[package]]
name = "django"
version = "5.0.7"
requires_python = ">=3.10"
summary = "A high-level Python web framework that encourages rapid development and clean, pragmatic design."
groups = ["default"]
dependencies = [
    "asgiref<4,>=3.7.0",
    "sqlparse>=0.3.1",
    "tzdata; sys_platform == \"win32\"",
]
files = [
    {file = "Django-5.0.7-py3-none-any.whl", hash = "sha256:f216510ace3de5de01329463a315a629f33480e893a9024fc93d8c32c22913da"},
    {file = "Django-5.0.7.tar.gz", hash = "sha256:bd4505cae0b9bd642313e8fb71810893df5dc2ffcacaa67a33af2d5cd61888f2"},
]

[[package]]
name = "django-cors-headers"
version = "4.4.0"
requires_python = ">=3.8"
summary = "django-cors-headers is a Django application for handling the server headers required for Cross-Origin Resource Sharing (CORS)."
groups = ["default"]
dependencies = [
    "asgiref>=3.6",
    "django>=3.2",
]
files = [
    {file = "django_cors_headers-4.4.0-py3-none-any.whl", hash = "sha256:5c6e3b7fe870876a1efdfeb4f433782c3524078fa0dc9e0195f6706ce7a242f6"},
    {file = "django_cors_headers-4.4.0.tar.gz", hash = "sha256:92cf4633e22af67a230a1456cb1b7a02bb213d6536d2dcb2a4a24092ea9cebc2"},
]

[[package]]
name = "django-extensions"
version = "3.2.3"
requires_python = ">=3.6"
summary = "Extensions for Django"
groups = ["default"]
dependencies = [
    "Django>=3.2",
]
files = [
    {file = "django-extensions-3.2.3.tar.gz", hash = "sha256:44d27919d04e23b3f40231c4ab7af4e61ce832ef46d610cc650d53e68328410a"},
    {file = "django_extensions-3.2.3-py3-none-any.whl", hash = "sha256:9600b7562f79a92cbf1fde6403c04fee314608fefbb595502e34383ae8203401"},
]

[[package]]
name = "djangorestframework"
version = "3.15.2"
requires_python = ">=3.8"
summary = "Web APIs for Django, made easy."
groups = ["default"]
dependencies = [
    "django>=4.2",
]
files = [
    {file = "djangorestframework-3.15.2-py3-none-any.whl", hash = "sha256:2b8871b062ba1aefc2de01f773875441a961fefbf79f5eed1e32b2f096944b20"},
    {file = "djangorestframework-3.15.2.tar.gz", hash = "sha256:36fe88cd2d6c6bec23dca9804bab2ba5517a8bb9d8f47ebc68981b56840107ad"},
]

[[package]]
name = "djangorestframework-simplejwt"
version = "5.3.1"
requires_python = ">=3.8"
summary = "A minimal JSON Web Token authentication plugin for Django REST Framework"
groups = ["default"]
dependencies = [
    "django>=3.2",
    "djangorestframework>=3.12",
    "pyjwt<3,>=1.7.1",
]
files = [
    {file = "djangorestframework_simplejwt-5.3.1-py3-none-any.whl", hash = "sha256:381bc966aa46913905629d472cd72ad45faa265509764e20ffd440164c88d220"},
    {file = "djangorestframework_simplejwt-5.3.1.tar.gz", hash = "sha256:6c4bd37537440bc439564ebf7d6085e74c5411485197073f508ebdfa34bc9fae"},
]

[[package]]
name = "drf-passage-identity"
version = "0.0.3"
summary = "A Django app to authenticate users passwordless using Passage."
groups = ["default"]
dependencies = [
    "djangorestframework",
    "passage-identity",
]
files = [
    {file = "drf-passage-identity-0.0.3.tar.gz", hash = "sha256:fdd98e8bee6b71992dd7a15996be6954d94471c4cdbc83a8bfaff91ea131b2ff"},
    {file = "drf_passage_identity-0.0.3-py3-none-any.whl", hash = "sha256:9f3821865852ab6745c1840c1ff21ef3685f59a9b59a70c50ef674366b782041"},
]

[[package]]
name = "drf-spectacular"
version = "0.27.2"
requires_python = ">=3.7"
summary = "Sane and flexible OpenAPI 3 schema generation for Django REST framework"
groups = ["default"]
dependencies = [
    "Django>=2.2",
    "PyYAML>=5.1",
    "djangorestframework>=3.10.3",
    "inflection>=0.3.1",
    "jsonschema>=2.6.0",
    "uritemplate>=2.0.0",
]
files = [
    {file = "drf-spectacular-0.27.2.tar.gz", hash = "sha256:a199492f2163c4101055075ebdbb037d59c6e0030692fc83a1a8c0fc65929981"},
    {file = "drf_spectacular-0.27.2-py3-none-any.whl", hash = "sha256:b1c04bf8b2fbbeaf6f59414b4ea448c8787aba4d32f76055c3b13335cf7ec37b"},
]

[[package]]
name = "flask"
version = "3.0.3"
requires_python = ">=3.8"
summary = "A simple framework for building complex web applications."
groups = ["default"]
dependencies = [
    "Jinja2>=3.1.2",
    "Werkzeug>=3.0.0",
    "blinker>=1.6.2",
    "click>=8.1.3",
    "itsdangerous>=2.1.2",
]
files = [
    {file = "flask-3.0.3-py3-none-any.whl", hash = "sha256:34e815dfaa43340d1d15a5c3a02b8476004037eb4840b34910c6e21679d288f3"},
    {file = "flask-3.0.3.tar.gz", hash = "sha256:ceb27b0af3823ea2737928a4d99d125a06175b8512c445cbd9a9ce200ef76842"},
]

[[package]]
name = "idna"
version = "3.7"
requires_python = ">=3.5"
summary = "Internationalized Domain Names in Applications (IDNA)"
groups = ["default"]
files = [
    {file = "idna-3.7-py3-none-any.whl", hash = "sha256:82fee1fc78add43492d3a1898bfa6d8a904cc97d8427f683ed8e798d07761aa0"},
    {file = "idna-3.7.tar.gz", hash = "sha256:028ff3aadf0609c1fd278d8ea3089299412a7a8b9bd005dd08b9f8285bcb5cfc"},
]

[[package]]
name = "inflection"
version = "0.5.1"
requires_python = ">=3.5"
summary = "A port of Ruby on Rails inflector to Python"
groups = ["default"]
files = [
    {file = "inflection-0.5.1-py2.py3-none-any.whl", hash = "sha256:f38b2b640938a4f35ade69ac3d053042959b62a0f1076a5bbaa1b9526605a8a2"},
    {file = "inflection-0.5.1.tar.gz", hash = "sha256:1a29730d366e996aaacffb2f1f1cb9593dc38e2ddd30c91250c6dde09ea9b417"},
]

[[package]]
name = "itsdangerous"
version = "2.2.0"
requires_python = ">=3.8"
summary = "Safely pass data to untrusted environments and back."
groups = ["default"]
files = [
    {file = "itsdangerous-2.2.0-py3-none-any.whl", hash = "sha256:c6242fc49e35958c8b15141343aa660db5fc54d4f13a1db01a3f5891b98700ef"},
    {file = "itsdangerous-2.2.0.tar.gz", hash = "sha256:e0050c0b7da1eea53ffaf149c0cfbb5c6e2e2b69c4bef22c81fa6eb73e5f6173"},
]

[[package]]
name = "jinja2"
version = "3.1.4"
requires_python = ">=3.7"
summary = "A very fast and expressive template engine."
groups = ["default"]
dependencies = [
    "MarkupSafe>=2.0",
]
files = [
    {file = "jinja2-3.1.4-py3-none-any.whl", hash = "sha256:bc5dd2abb727a5319567b7a813e6a2e7318c39f4f487cfe6c89c6f9c7d25197d"},
    {file = "jinja2-3.1.4.tar.gz", hash = "sha256:4a3aee7acbbe7303aede8e9648d13b8bf88a429282aa6122a993f0ac800cb369"},
]

[[package]]
name = "jsonschema"
version = "4.23.0"
requires_python = ">=3.8"
summary = "An implementation of JSON Schema validation for Python"
groups = ["default"]
dependencies = [
    "attrs>=22.2.0",
    "jsonschema-specifications>=2023.03.6",
    "referencing>=0.28.4",
    "rpds-py>=0.7.1",
]
files = [
    {file = "jsonschema-4.23.0-py3-none-any.whl", hash = "sha256:fbadb6f8b144a8f8cf9f0b89ba94501d143e50411a1278633f56a7acf7fd5566"},
    {file = "jsonschema-4.23.0.tar.gz", hash = "sha256:d71497fef26351a33265337fa77ffeb82423f3ea21283cd9467bb03999266bc4"},
]

[[package]]
name = "jsonschema-specifications"
version = "2023.12.1"
requires_python = ">=3.8"
summary = "The JSON Schema meta-schemas and vocabularies, exposed as a Registry"
groups = ["default"]
dependencies = [
    "referencing>=0.31.0",
]
files = [
    {file = "jsonschema_specifications-2023.12.1-py3-none-any.whl", hash = "sha256:87e4fdf3a94858b8a2ba2778d9ba57d8a9cafca7c7489c46ba0d30a8bc6a9c3c"},
    {file = "jsonschema_specifications-2023.12.1.tar.gz", hash = "sha256:48a76787b3e70f5ed53f1160d2b81f586e4ca6d1548c5de7085d1682674764cc"},
]

[[package]]
name = "markupsafe"
version = "2.1.5"
requires_python = ">=3.7"
summary = "Safely add untrusted strings to HTML/XML markup."
groups = ["default"]
files = [
    {file = "MarkupSafe-2.1.5-cp310-cp310-macosx_10_9_universal2.whl", hash = "sha256:a17a92de5231666cfbe003f0e4b9b3a7ae3afb1ec2845aadc2bacc93ff85febc"},
    {file = "MarkupSafe-2.1.5-cp310-cp310-macosx_10_9_x86_64.whl", hash = "sha256:72b6be590cc35924b02c78ef34b467da4ba07e4e0f0454a2c5907f473fc50ce5"},
    {file = "MarkupSafe-2.1.5-cp310-cp310-manylinux_2_17_aarch64.manylinux2014_aarch64.whl", hash = "sha256:e61659ba32cf2cf1481e575d0462554625196a1f2fc06a1c777d3f48e8865d46"},
    {file = "MarkupSafe-2.1.5-cp310-cp310-manylinux_2_17_x86_64.manylinux2014_x86_64.whl", hash = "sha256:2174c595a0d73a3080ca3257b40096db99799265e1c27cc5a610743acd86d62f"},
    {file = "MarkupSafe-2.1.5-cp310-cp310-manylinux_2_5_i686.manylinux1_i686.manylinux_2_17_i686.manylinux2014_i686.whl", hash = "sha256:ae2ad8ae6ebee9d2d94b17fb62763125f3f374c25618198f40cbb8b525411900"},
    {file = "MarkupSafe-2.1.5-cp310-cp310-musllinux_1_1_aarch64.whl", hash = "sha256:075202fa5b72c86ad32dc7d0b56024ebdbcf2048c0ba09f1cde31bfdd57bcfff"},
    {file = "MarkupSafe-2.1.5-cp310-cp310-musllinux_1_1_i686.whl", hash = "sha256:598e3276b64aff0e7b3451b72e94fa3c238d452e7ddcd893c3ab324717456bad"},
    {file = "MarkupSafe-2.1.5-cp310-cp310-musllinux_1_1_x86_64.whl", hash = "sha256:fce659a462a1be54d2ffcacea5e3ba2d74daa74f30f5f143fe0c58636e355fdd"},
    {file = "MarkupSafe-2.1.5-cp310-cp310-win32.whl", hash = "sha256:d9fad5155d72433c921b782e58892377c44bd6252b5af2f67f16b194987338a4"},
    {file = "MarkupSafe-2.1.5-cp310-cp310-win_amd64.whl", hash = "sha256:bf50cd79a75d181c9181df03572cdce0fbb75cc353bc350712073108cba98de5"},
    {file = "MarkupSafe-2.1.5.tar.gz", hash = "sha256:d283d37a890ba4c1ae73ffadf8046435c76e7bc2247bbb63c00bd1a709c6544b"},
]

[[package]]
name = "passage-identity"
version = "2.1.4"
requires_python = ">=3.6"
summary = "Python library to help manage your Passage application and users"
groups = ["default"]
dependencies = [
    "Flask",
    "cryptography",
    "django",
    "pyjwt",
    "requests",
]
files = [
    {file = "passage-identity-2.1.4.tar.gz", hash = "sha256:c432b0519883c71120e2211f7c46d3f3cf0188d1c7718cd3dfccc6b6bc7f17ff"},
    {file = "passage_identity-2.1.4-py3-none-any.whl", hash = "sha256:487a0231819bdd8a91af4cb2282203d59be391399297359e6f453f257e53225d"},
]

[[package]]
name = "pycparser"
version = "2.22"
requires_python = ">=3.8"
summary = "C parser in Python"
groups = ["default"]
marker = "platform_python_implementation != \"PyPy\""
files = [
    {file = "pycparser-2.22-py3-none-any.whl", hash = "sha256:c3702b6d3dd8c7abc1afa565d7e63d53a1d0bd86cdc24edd75470f4de499cfcc"},
    {file = "pycparser-2.22.tar.gz", hash = "sha256:491c8be9c040f5390f5bf44a5b07752bd07f56edf992381b05c701439eec10f6"},
]

[[package]]
name = "pyjwt"
version = "2.8.0"
requires_python = ">=3.7"
summary = "JSON Web Token implementation in Python"
groups = ["default"]
files = [
    {file = "PyJWT-2.8.0-py3-none-any.whl", hash = "sha256:59127c392cc44c2da5bb3192169a91f429924e17aff6534d70fdc02ab3e04320"},
    {file = "PyJWT-2.8.0.tar.gz", hash = "sha256:57e28d156e3d5c10088e0c68abb90bfac3df82b40a71bd0daa20c65ccd5c23de"},
]

[[package]]
name = "pyyaml"
version = "6.0.1"
requires_python = ">=3.6"
summary = "YAML parser and emitter for Python"
groups = ["default"]
files = [
    {file = "PyYAML-6.0.1-cp310-cp310-macosx_10_9_x86_64.whl", hash = "sha256:d858aa552c999bc8a8d57426ed01e40bef403cd8ccdd0fc5f6f04a00414cac2a"},
    {file = "PyYAML-6.0.1-cp310-cp310-macosx_11_0_arm64.whl", hash = "sha256:fd66fc5d0da6d9815ba2cebeb4205f95818ff4b79c3ebe268e75d961704af52f"},
    {file = "PyYAML-6.0.1-cp310-cp310-manylinux_2_17_aarch64.manylinux2014_aarch64.whl", hash = "sha256:69b023b2b4daa7548bcfbd4aa3da05b3a74b772db9e23b982788168117739938"},
    {file = "PyYAML-6.0.1-cp310-cp310-manylinux_2_17_s390x.manylinux2014_s390x.whl", hash = "sha256:81e0b275a9ecc9c0c0c07b4b90ba548307583c125f54d5b6946cfee6360c733d"},
    {file = "PyYAML-6.0.1-cp310-cp310-manylinux_2_17_x86_64.manylinux2014_x86_64.whl", hash = "sha256:ba336e390cd8e4d1739f42dfe9bb83a3cc2e80f567d8805e11b46f4a943f5515"},
    {file = "PyYAML-6.0.1-cp310-cp310-musllinux_1_1_x86_64.whl", hash = "sha256:326c013efe8048858a6d312ddd31d56e468118ad4cdeda36c719bf5bb6192290"},
    {file = "PyYAML-6.0.1-cp310-cp310-win32.whl", hash = "sha256:bd4af7373a854424dabd882decdc5579653d7868b8fb26dc7d0e99f823aa5924"},
    {file = "PyYAML-6.0.1-cp310-cp310-win_amd64.whl", hash = "sha256:fd1592b3fdf65fff2ad0004b5e363300ef59ced41c2e6b3a99d4089fa8c5435d"},
    {file = "PyYAML-6.0.1.tar.gz", hash = "sha256:bfdf460b1736c775f2ba9f6a92bca30bc2095067b8a9d77876d1fad6cc3b4a43"},
]

[[package]]
name = "referencing"
version = "0.35.1"
requires_python = ">=3.8"
summary = "JSON Referencing + Python"
groups = ["default"]
dependencies = [
    "attrs>=22.2.0",
    "rpds-py>=0.7.0",
]
files = [
    {file = "referencing-0.35.1-py3-none-any.whl", hash = "sha256:eda6d3234d62814d1c64e305c1331c9a3a6132da475ab6382eaa997b21ee75de"},
    {file = "referencing-0.35.1.tar.gz", hash = "sha256:25b42124a6c8b632a425174f24087783efb348a6f1e0008e63cd4466fedf703c"},
]

[[package]]
name = "requests"
version = "2.32.3"
requires_python = ">=3.8"
summary = "Python HTTP for Humans."
groups = ["default"]
dependencies = [
    "certifi>=2017.4.17",
    "charset-normalizer<4,>=2",
    "idna<4,>=2.5",
    "urllib3<3,>=1.21.1",
]
files = [
    {file = "requests-2.32.3-py3-none-any.whl", hash = "sha256:70761cfe03c773ceb22aa2f671b4757976145175cdfca038c02654d061d6dcc6"},
    {file = "requests-2.32.3.tar.gz", hash = "sha256:55365417734eb18255590a9ff9eb97e9e1da868d4ccd6402399eaf68af20a760"},
]

[[package]]
name = "rpds-py"
version = "0.19.0"
requires_python = ">=3.8"
summary = "Python bindings to Rust's persistent data structures (rpds)"
groups = ["default"]
files = [
    {file = "rpds_py-0.19.0-cp310-cp310-macosx_10_12_x86_64.whl", hash = "sha256:fb37bd599f031f1a6fb9e58ec62864ccf3ad549cf14bac527dbfa97123edcca4"},
    {file = "rpds_py-0.19.0-cp310-cp310-macosx_11_0_arm64.whl", hash = "sha256:3384d278df99ec2c6acf701d067147320b864ef6727405d6470838476e44d9e8"},
    {file = "rpds_py-0.19.0-cp310-cp310-manylinux_2_17_aarch64.manylinux2014_aarch64.whl", hash = "sha256:e54548e0be3ac117595408fd4ca0ac9278fde89829b0b518be92863b17ff67a2"},
    {file = "rpds_py-0.19.0-cp310-cp310-manylinux_2_17_armv7l.manylinux2014_armv7l.whl", hash = "sha256:8eb488ef928cdbc05a27245e52de73c0d7c72a34240ef4d9893fdf65a8c1a955"},
    {file = "rpds_py-0.19.0-cp310-cp310-manylinux_2_17_ppc64le.manylinux2014_ppc64le.whl", hash = "sha256:a5da93debdfe27b2bfc69eefb592e1831d957b9535e0943a0ee8b97996de21b5"},
    {file = "rpds_py-0.19.0-cp310-cp310-manylinux_2_17_s390x.manylinux2014_s390x.whl", hash = "sha256:79e205c70afddd41f6ee79a8656aec738492a550247a7af697d5bd1aee14f766"},
    {file = "rpds_py-0.19.0-cp310-cp310-manylinux_2_17_x86_64.manylinux2014_x86_64.whl", hash = "sha256:959179efb3e4a27610e8d54d667c02a9feaa86bbabaf63efa7faa4dfa780d4f1"},
    {file = "rpds_py-0.19.0-cp310-cp310-manylinux_2_5_i686.manylinux1_i686.whl", hash = "sha256:a6e605bb9edcf010f54f8b6a590dd23a4b40a8cb141255eec2a03db249bc915b"},
    {file = "rpds_py-0.19.0-cp310-cp310-musllinux_1_2_aarch64.whl", hash = "sha256:9133d75dc119a61d1a0ded38fb9ba40a00ef41697cc07adb6ae098c875195a3f"},
    {file = "rpds_py-0.19.0-cp310-cp310-musllinux_1_2_i686.whl", hash = "sha256:dd36b712d35e757e28bf2f40a71e8f8a2d43c8b026d881aa0c617b450d6865c9"},
    {file = "rpds_py-0.19.0-cp310-cp310-musllinux_1_2_x86_64.whl", hash = "sha256:354f3a91718489912f2e0fc331c24eaaf6a4565c080e00fbedb6015857c00582"},
    {file = "rpds_py-0.19.0-cp310-none-win32.whl", hash = "sha256:ebcbf356bf5c51afc3290e491d3722b26aaf5b6af3c1c7f6a1b757828a46e336"},
    {file = "rpds_py-0.19.0-cp310-none-win_amd64.whl", hash = "sha256:75a6076289b2df6c8ecb9d13ff79ae0cad1d5fb40af377a5021016d58cd691ec"},
    {file = "rpds_py-0.19.0-pp310-pypy310_pp73-macosx_10_12_x86_64.whl", hash = "sha256:75969cf900d7be665ccb1622a9aba225cf386bbc9c3bcfeeab9f62b5048f4a07"},
    {file = "rpds_py-0.19.0-pp310-pypy310_pp73-macosx_11_0_arm64.whl", hash = "sha256:8445f23f13339da640d1be8e44e5baf4af97e396882ebbf1692aecd67f67c479"},
    {file = "rpds_py-0.19.0-pp310-pypy310_pp73-manylinux_2_17_aarch64.manylinux2014_aarch64.whl", hash = "sha256:a5a7c1062ef8aea3eda149f08120f10795835fc1c8bc6ad948fb9652a113ca55"},
    {file = "rpds_py-0.19.0-pp310-pypy310_pp73-manylinux_2_17_armv7l.manylinux2014_armv7l.whl", hash = "sha256:462b0c18fbb48fdbf980914a02ee38c423a25fcc4cf40f66bacc95a2d2d73bc8"},
    {file = "rpds_py-0.19.0-pp310-pypy310_pp73-manylinux_2_17_ppc64le.manylinux2014_ppc64le.whl", hash = "sha256:3208f9aea18991ac7f2b39721e947bbd752a1abbe79ad90d9b6a84a74d44409b"},
    {file = "rpds_py-0.19.0-pp310-pypy310_pp73-manylinux_2_17_s390x.manylinux2014_s390x.whl", hash = "sha256:c3444fe52b82f122d8a99bf66777aed6b858d392b12f4c317da19f8234db4533"},
    {file = "rpds_py-0.19.0-pp310-pypy310_pp73-manylinux_2_17_x86_64.manylinux2014_x86_64.whl", hash = "sha256:88cb4bac7185a9f0168d38c01d7a00addece9822a52870eee26b8d5b61409213"},
    {file = "rpds_py-0.19.0-pp310-pypy310_pp73-manylinux_2_5_i686.manylinux1_i686.whl", hash = "sha256:6b130bd4163c93798a6b9bb96be64a7c43e1cec81126ffa7ffaa106e1fc5cef5"},
    {file = "rpds_py-0.19.0-pp310-pypy310_pp73-musllinux_1_2_aarch64.whl", hash = "sha256:a707b158b4410aefb6b054715545bbb21aaa5d5d0080217290131c49c2124a6e"},
    {file = "rpds_py-0.19.0-pp310-pypy310_pp73-musllinux_1_2_i686.whl", hash = "sha256:dc9ac4659456bde7c567107556ab065801622396b435a3ff213daef27b495388"},
    {file = "rpds_py-0.19.0-pp310-pypy310_pp73-musllinux_1_2_x86_64.whl", hash = "sha256:81ea573aa46d3b6b3d890cd3c0ad82105985e6058a4baed03cf92518081eec8c"},
    {file = "rpds_py-0.19.0-pp38-pypy38_pp73-macosx_10_12_x86_64.whl", hash = "sha256:3f148c3f47f7f29a79c38cc5d020edcb5ca780020fab94dbc21f9af95c463581"},
    {file = "rpds_py-0.19.0-pp38-pypy38_pp73-macosx_11_0_arm64.whl", hash = "sha256:b0906357f90784a66e89ae3eadc2654f36c580a7d65cf63e6a616e4aec3a81be"},
    {file = "rpds_py-0.19.0-pp38-pypy38_pp73-manylinux_2_17_aarch64.manylinux2014_aarch64.whl", hash = "sha256:f629ecc2db6a4736b5ba95a8347b0089240d69ad14ac364f557d52ad68cf94b0"},
    {file = "rpds_py-0.19.0-pp38-pypy38_pp73-manylinux_2_17_armv7l.manylinux2014_armv7l.whl", hash = "sha256:c6feacd1d178c30e5bc37184526e56740342fd2aa6371a28367bad7908d454fc"},
    {file = "rpds_py-0.19.0-pp38-pypy38_pp73-manylinux_2_17_ppc64le.manylinux2014_ppc64le.whl", hash = "sha256:ae8b6068ee374fdfab63689be0963333aa83b0815ead5d8648389a8ded593378"},
    {file = "rpds_py-0.19.0-pp38-pypy38_pp73-manylinux_2_17_s390x.manylinux2014_s390x.whl", hash = "sha256:78d57546bad81e0da13263e4c9ce30e96dcbe720dbff5ada08d2600a3502e526"},
    {file = "rpds_py-0.19.0-pp38-pypy38_pp73-manylinux_2_17_x86_64.manylinux2014_x86_64.whl", hash = "sha256:a8b6683a37338818646af718c9ca2a07f89787551057fae57c4ec0446dc6224b"},
    {file = "rpds_py-0.19.0-pp38-pypy38_pp73-manylinux_2_5_i686.manylinux1_i686.whl", hash = "sha256:e8481b946792415adc07410420d6fc65a352b45d347b78fec45d8f8f0d7496f0"},
    {file = "rpds_py-0.19.0-pp38-pypy38_pp73-musllinux_1_2_aarch64.whl", hash = "sha256:bec35eb20792ea64c3c57891bc3ca0bedb2884fbac2c8249d9b731447ecde4fa"},
    {file = "rpds_py-0.19.0-pp38-pypy38_pp73-musllinux_1_2_i686.whl", hash = "sha256:aa5476c3e3a402c37779e95f7b4048db2cb5b0ed0b9d006983965e93f40fe05a"},
    {file = "rpds_py-0.19.0-pp38-pypy38_pp73-musllinux_1_2_x86_64.whl", hash = "sha256:19d02c45f2507b489fd4df7b827940f1420480b3e2e471e952af4d44a1ea8e34"},
    {file = "rpds_py-0.19.0-pp39-pypy39_pp73-macosx_10_12_x86_64.whl", hash = "sha256:a3e2fd14c5d49ee1da322672375963f19f32b3d5953f0615b175ff7b9d38daed"},
    {file = "rpds_py-0.19.0-pp39-pypy39_pp73-macosx_11_0_arm64.whl", hash = "sha256:93a91c2640645303e874eada51f4f33351b84b351a689d470f8108d0e0694210"},
    {file = "rpds_py-0.19.0-pp39-pypy39_pp73-manylinux_2_17_aarch64.manylinux2014_aarch64.whl", hash = "sha256:e5b9fc03bf76a94065299d4a2ecd8dfbae4ae8e2e8098bbfa6ab6413ca267709"},
    {file = "rpds_py-0.19.0-pp39-pypy39_pp73-manylinux_2_17_armv7l.manylinux2014_armv7l.whl", hash = "sha256:5a4b07cdf3f84310c08c1de2c12ddadbb7a77568bcb16e95489f9c81074322ed"},
    {file = "rpds_py-0.19.0-pp39-pypy39_pp73-manylinux_2_17_ppc64le.manylinux2014_ppc64le.whl", hash = "sha256:ba0ed0dc6763d8bd6e5de5cf0d746d28e706a10b615ea382ac0ab17bb7388633"},
    {file = "rpds_py-0.19.0-pp39-pypy39_pp73-manylinux_2_17_s390x.manylinux2014_s390x.whl", hash = "sha256:474bc83233abdcf2124ed3f66230a1c8435896046caa4b0b5ab6013c640803cc"},
    {file = "rpds_py-0.19.0-pp39-pypy39_pp73-manylinux_2_17_x86_64.manylinux2014_x86_64.whl", hash = "sha256:329c719d31362355a96b435f4653e3b4b061fcc9eba9f91dd40804ca637d914e"},
    {file = "rpds_py-0.19.0-pp39-pypy39_pp73-manylinux_2_5_i686.manylinux1_i686.whl", hash = "sha256:ef9101f3f7b59043a34f1dccbb385ca760467590951952d6701df0da9893ca0c"},
    {file = "rpds_py-0.19.0-pp39-pypy39_pp73-musllinux_1_2_aarch64.whl", hash = "sha256:0121803b0f424ee2109d6e1f27db45b166ebaa4b32ff47d6aa225642636cd834"},
    {file = "rpds_py-0.19.0-pp39-pypy39_pp73-musllinux_1_2_i686.whl", hash = "sha256:8344127403dea42f5970adccf6c5957a71a47f522171fafaf4c6ddb41b61703a"},
    {file = "rpds_py-0.19.0-pp39-pypy39_pp73-musllinux_1_2_x86_64.whl", hash = "sha256:443cec402ddd650bb2b885113e1dcedb22b1175c6be223b14246a714b61cd521"},
    {file = "rpds_py-0.19.0.tar.gz", hash = "sha256:4fdc9afadbeb393b4bbbad75481e0ea78e4469f2e1d713a90811700830b553a9"},
]

[[package]]
name = "setuptools"
version = "70.3.0"
requires_python = ">=3.8"
summary = "Easily download, build, install, upgrade, and uninstall Python packages"
groups = ["default"]
files = [
    {file = "setuptools-70.3.0-py3-none-any.whl", hash = "sha256:fe384da74336c398e0d956d1cae0669bc02eed936cdb1d49b57de1990dc11ffc"},
    {file = "setuptools-70.3.0.tar.gz", hash = "sha256:f171bab1dfbc86b132997f26a119f6056a57950d058587841a0082e8830f9dc5"},
]

[[package]]
name = "sqlparse"
version = "0.5.0"
requires_python = ">=3.8"
summary = "A non-validating SQL parser."
groups = ["default"]
files = [
    {file = "sqlparse-0.5.0-py3-none-any.whl", hash = "sha256:c204494cd97479d0e39f28c93d46c0b2d5959c7b9ab904762ea6c7af211c8663"},
    {file = "sqlparse-0.5.0.tar.gz", hash = "sha256:714d0a4932c059d16189f58ef5411ec2287a4360f17cdd0edd2d09d4c5087c93"},
]

[[package]]
name = "typing-extensions"
version = "4.12.2"
requires_python = ">=3.8"
summary = "Backported and Experimental Type Hints for Python 3.8+"
groups = ["default"]
marker = "python_version < \"3.11\""
files = [
    {file = "typing_extensions-4.12.2-py3-none-any.whl", hash = "sha256:04e5ca0351e0f3f85c6853954072df659d0d13fac324d0072316b67d7794700d"},
    {file = "typing_extensions-4.12.2.tar.gz", hash = "sha256:1a7ead55c7e559dd4dee8856e3a88b41225abfe1ce8df57b7c13915fe121ffb8"},
]

[[package]]
name = "tzdata"
version = "2024.1"
requires_python = ">=2"
summary = "Provider of IANA time zone data"
groups = ["default"]
marker = "sys_platform == \"win32\""
files = [
    {file = "tzdata-2024.1-py2.py3-none-any.whl", hash = "sha256:9068bc196136463f5245e51efda838afa15aaeca9903f49050dfa2679db4d252"},
    {file = "tzdata-2024.1.tar.gz", hash = "sha256:2674120f8d891909751c38abcdfd386ac0a5a1127954fbc332af6b5ceae07efd"},
]

[[package]]
name = "uritemplate"
version = "4.1.1"
requires_python = ">=3.6"
summary = "Implementation of RFC 6570 URI Templates"
groups = ["default"]
files = [
    {file = "uritemplate-4.1.1-py2.py3-none-any.whl", hash = "sha256:830c08b8d99bdd312ea4ead05994a38e8936266f84b9a7878232db50b044e02e"},
    {file = "uritemplate-4.1.1.tar.gz", hash = "sha256:4346edfc5c3b79f694bccd6d6099a322bbeb628dbf2cd86eea55a456ce5124f0"},
]

[[package]]
name = "urllib3"
version = "2.2.2"
requires_python = ">=3.8"
summary = "HTTP library with thread-safe connection pooling, file post, and more."
groups = ["default"]
files = [
    {file = "urllib3-2.2.2-py3-none-any.whl", hash = "sha256:a448b2f64d686155468037e1ace9f2d2199776e17f0a46610480d311f73e3472"},
    {file = "urllib3-2.2.2.tar.gz", hash = "sha256:dd505485549a7a552833da5e6063639d0d177c04f23bc3864e41e5dc5f612168"},
]

[[package]]
name = "werkzeug"
version = "3.0.3"
requires_python = ">=3.8"
summary = "The comprehensive WSGI web application library."
groups = ["default"]
dependencies = [
    "MarkupSafe>=2.1.1",
]
files = [
    {file = "werkzeug-3.0.3-py3-none-any.whl", hash = "sha256:fc9645dc43e03e4d630d23143a04a7f947a9a3b5727cd535fdfe155a17cc48c8"},
    {file = "werkzeug-3.0.3.tar.gz", hash = "sha256:097e5bfda9f0aba8da6b8545146def481d06aa7d3266e7448e2cccf67dd8bd18"},
]
